
Microsoft Visual Studio Solution File, Format Version 12.00
# Visual Studio 15
VisualStudioVersion = 15.0.28307.168
MinimumVisualStudioVersion = 10.0.40219.1
Project("{2150E333-8FDC-42A3-9474-1A3956D46DE8}") = "src", "src", "{9C1EF8FB-2BED-4019-ACC5-42D37ED72D52}"
EndProject
Project("{2150E333-8FDC-42A3-9474-1A3956D46DE8}") = "Services", "Services", "{E5CC0C1E-52A4-41C6-AFF0-E567CBFEB5CC}"
EndProject
Project("{2150E333-8FDC-42A3-9474-1A3956D46DE8}") = "Recommendation", "Recommendation", "{B3EF8C39-800D-42AC-A4AF-8B6C7E30B636}"
EndProject
Project("{2150E333-8FDC-42A3-9474-1A3956D46DE8}") = "Identity", "Identity", "{F1DE867F-4A14-4D6C-AD67-EC8748BECA03}"
EndProject
Project("{2150E333-8FDC-42A3-9474-1A3956D46DE8}") = "Marketing", "Marketing", "{01FF0426-272C-4417-9B05-E61CCBBA8533}"
EndProject
Project("{2150E333-8FDC-42A3-9474-1A3956D46DE8}") = "ApiGateways", "ApiGateways", "{61FFC658-3978-4F1D-9A5C-AB166CAD17D7}"
EndProject
Project("{2150E333-8FDC-42A3-9474-1A3956D46DE8}") = "MovieMetadata", "MovieMetadata", "{3AEBFA8C-8BC2-4E80-B453-B4D8E38E87E4}"
EndProject
Project("{2150E333-8FDC-42A3-9474-1A3956D46DE8}") = "History", "History", "{75216159-CE62-4DCE-B21F-0372097D834B}"
EndProject
Project("{2150E333-8FDC-42A3-9474-1A3956D46DE8}") = "BuildingBlocks", "BuildingBlocks", "{3150B633-0084-4740-AD43-6C16D98A171F}"
EndProject
Project("{2150E333-8FDC-42A3-9474-1A3956D46DE8}") = "Web", "Web", "{B454FE27-F348-4C71-AA96-6AF6C0189F46}"
EndProject
Project("{9A19103F-16F7-4668-BE54-9A1E7A4F7556}") = "Recommendation.API", "Recommendation.API\Recommendation.API.csproj", "{83980245-412C-4C52-BF8F-5A9828EBBDFF}"
EndProject
Project("{9A19103F-16F7-4668-BE54-9A1E7A4F7556}") = "Marketing.API", "Marketing.API\Marketing.API.csproj", "{7026DEB0-72EC-44F0-8684-2BB840CFB12D}"
EndProject
Project("{9A19103F-16F7-4668-BE54-9A1E7A4F7556}") = "History.API", "History.API\History.API.csproj", "{8C73CEEB-A74C-46FE-A33F-F0B0BA451CE9}"
EndProject
Project("{9A19103F-16F7-4668-BE54-9A1E7A4F7556}") = "MovieMetadata.API", "MovieMetadata.API\MovieMetadata.API.csproj", "{1EEA3CF4-4278-4E41-9334-AB7ABC1E8EF6}"
EndProject
Project("{9A19103F-16F7-4668-BE54-9A1E7A4F7556}") = "Marketing.Infrastructure", "Marketing.Infrastructure\Marketing.Infrastructure.csproj", "{AA6B6608-A6ED-439D-9070-E091285AB494}"
EndProject
Project("{9A19103F-16F7-4668-BE54-9A1E7A4F7556}") = "Marketing.Domain", "Marketing.Domain\Marketing.Domain.csproj", "{B8AFCE55-CFBC-4063-B42A-B42BC4D0C165}"
EndProject
Project("{2150E333-8FDC-42A3-9474-1A3956D46DE8}") = "Profiles", "Profiles", "{66B0EF26-0B73-4085-B540-F38F51E2D8EF}"
EndProject
Project("{9A19103F-16F7-4668-BE54-9A1E7A4F7556}") = "Profiles.API", "Profiles.API\Profiles.API.csproj", "{E7E2A65A-FAD8-4553-96F7-305953287F24}"
EndProject
Project("{9A19103F-16F7-4668-BE54-9A1E7A4F7556}") = "Profiles.Infrastructure", "Profiles.Infrastructure\Profiles.Infrastructure.csproj", "{43F1777D-0942-4DFC-B840-6A25C245BCD8}"
EndProject
Project("{9A19103F-16F7-4668-BE54-9A1E7A4F7556}") = "MovieMetadata.Infrastructure", "MovieMetadata.Domain\MovieMetadata.Infrastructure.csproj", "{868EC84F-C023-4321-9AE6-E90DA2ACD466}"
EndProject
Project("{E53339B2-1760-4266-BCC7-CA923CBCF16C}") = "docker-compose", "docker-compose.dcproj", "{9801BFFE-686D-402D-A7EF-DC946C7385E2}"
EndProject
Project("{9A19103F-16F7-4668-BE54-9A1E7A4F7556}") = "WebStatus", "WebStatus\WebStatus.csproj", "{6F355326-3536-4CA4-8D55-2CD3D1D146B1}"
EndProject
Project("{9A19103F-16F7-4668-BE54-9A1E7A4F7556}") = "History.Infrastructure", "History.Infrastructure\History.Infrastructure.csproj", "{9B24D729-55D1-4EBA-B981-EDA8FE697134}"
EndProject
Project("{9A19103F-16F7-4668-BE54-9A1E7A4F7556}") = "ApiGw-Base", "ApiGw-Base\ApiGw-Base.csproj", "{903418FA-A7DF-4A85-910D-B3545430AF92}"
EndProject
Project("{2150E333-8FDC-42A3-9474-1A3956D46DE8}") = "EventBus", "EventBus", "{545B480C-8229-48F2-B0D2-D64B0CDBB584}"
EndProject
Project("{9A19103F-16F7-4668-BE54-9A1E7A4F7556}") = "Identity.API", "Identity.API\Identity.API.csproj", "{3DBE37AB-7623-4F50-A469-DD4C4AF18858}"
EndProject
Project("{FAE04EC0-301F-11D3-BF4B-00C04F79EFBC}") = "Identity.Domain", "Identity.Domain\Identity.Domain.csproj", "{EF983785-738F-49CA-8676-343089B9AA37}"
EndProject
Project("{9A19103F-16F7-4668-BE54-9A1E7A4F7556}") = "Recommendation.Domain", "Recommendation.Domain\Recommendation.Domain.csproj", "{7F3E2DA5-402D-47DF-9C29-EB20DB7833F3}"
EndProject
Project("{FAE04EC0-301F-11D3-BF4B-00C04F79EFBC}") = "Identity.Infrastructure", "Identity.Infrastructure\Identity.Infrastructure.csproj", "{E3020EB4-20A2-402F-971D-B15D55EF43C7}"
EndProject
Global
	GlobalSection(SolutionConfigurationPlatforms) = preSolution
		Debug|Any CPU = Debug|Any CPU
		Release|Any CPU = Release|Any CPU
	EndGlobalSection
	GlobalSection(ProjectConfigurationPlatforms) = postSolution
		{83980245-412C-4C52-BF8F-5A9828EBBDFF}.Debug|Any CPU.ActiveCfg = Debug|Any CPU
		{83980245-412C-4C52-BF8F-5A9828EBBDFF}.Debug|Any CPU.Build.0 = Debug|Any CPU
		{83980245-412C-4C52-BF8F-5A9828EBBDFF}.Release|Any CPU.ActiveCfg = Release|Any CPU
		{83980245-412C-4C52-BF8F-5A9828EBBDFF}.Release|Any CPU.Build.0 = Release|Any CPU
		{7026DEB0-72EC-44F0-8684-2BB840CFB12D}.Debug|Any CPU.ActiveCfg = Debug|Any CPU
		{7026DEB0-72EC-44F0-8684-2BB840CFB12D}.Debug|Any CPU.Build.0 = Debug|Any CPU
		{7026DEB0-72EC-44F0-8684-2BB840CFB12D}.Release|Any CPU.ActiveCfg = Release|Any CPU
		{7026DEB0-72EC-44F0-8684-2BB840CFB12D}.Release|Any CPU.Build.0 = Release|Any CPU
		{8C73CEEB-A74C-46FE-A33F-F0B0BA451CE9}.Debug|Any CPU.ActiveCfg = Debug|Any CPU
		{8C73CEEB-A74C-46FE-A33F-F0B0BA451CE9}.Debug|Any CPU.Build.0 = Debug|Any CPU
		{8C73CEEB-A74C-46FE-A33F-F0B0BA451CE9}.Release|Any CPU.ActiveCfg = Release|Any CPU
		{8C73CEEB-A74C-46FE-A33F-F0B0BA451CE9}.Release|Any CPU.Build.0 = Release|Any CPU
		{1EEA3CF4-4278-4E41-9334-AB7ABC1E8EF6}.Debug|Any CPU.ActiveCfg = Debug|Any CPU
		{1EEA3CF4-4278-4E41-9334-AB7ABC1E8EF6}.Debug|Any CPU.Build.0 = Debug|Any CPU
		{1EEA3CF4-4278-4E41-9334-AB7ABC1E8EF6}.Release|Any CPU.ActiveCfg = Release|Any CPU
		{1EEA3CF4-4278-4E41-9334-AB7ABC1E8EF6}.Release|Any CPU.Build.0 = Release|Any CPU
		{AA6B6608-A6ED-439D-9070-E091285AB494}.Debug|Any CPU.ActiveCfg = Debug|Any CPU
		{AA6B6608-A6ED-439D-9070-E091285AB494}.Debug|Any CPU.Build.0 = Debug|Any CPU
		{AA6B6608-A6ED-439D-9070-E091285AB494}.Release|Any CPU.ActiveCfg = Release|Any CPU
		{AA6B6608-A6ED-439D-9070-E091285AB494}.Release|Any CPU.Build.0 = Release|Any CPU
		{B8AFCE55-CFBC-4063-B42A-B42BC4D0C165}.Debug|Any CPU.ActiveCfg = Debug|Any CPU
		{B8AFCE55-CFBC-4063-B42A-B42BC4D0C165}.Debug|Any CPU.Build.0 = Debug|Any CPU
		{B8AFCE55-CFBC-4063-B42A-B42BC4D0C165}.Release|Any CPU.ActiveCfg = Release|Any CPU
		{B8AFCE55-CFBC-4063-B42A-B42BC4D0C165}.Release|Any CPU.Build.0 = Release|Any CPU
		{E7E2A65A-FAD8-4553-96F7-305953287F24}.Debug|Any CPU.ActiveCfg = Debug|Any CPU
		{E7E2A65A-FAD8-4553-96F7-305953287F24}.Debug|Any CPU.Build.0 = Debug|Any CPU
		{E7E2A65A-FAD8-4553-96F7-305953287F24}.Release|Any CPU.ActiveCfg = Release|Any CPU
		{E7E2A65A-FAD8-4553-96F7-305953287F24}.Release|Any CPU.Build.0 = Release|Any CPU
		{43F1777D-0942-4DFC-B840-6A25C245BCD8}.Debug|Any CPU.ActiveCfg = Debug|Any CPU
		{43F1777D-0942-4DFC-B840-6A25C245BCD8}.Debug|Any CPU.Build.0 = Debug|Any CPU
		{43F1777D-0942-4DFC-B840-6A25C245BCD8}.Release|Any CPU.ActiveCfg = Release|Any CPU
		{43F1777D-0942-4DFC-B840-6A25C245BCD8}.Release|Any CPU.Build.0 = Release|Any CPU
		{868EC84F-C023-4321-9AE6-E90DA2ACD466}.Debug|Any CPU.ActiveCfg = Debug|Any CPU
		{868EC84F-C023-4321-9AE6-E90DA2ACD466}.Debug|Any CPU.Build.0 = Debug|Any CPU
		{868EC84F-C023-4321-9AE6-E90DA2ACD466}.Release|Any CPU.ActiveCfg = Release|Any CPU
		{868EC84F-C023-4321-9AE6-E90DA2ACD466}.Release|Any CPU.Build.0 = Release|Any CPU
		{9801BFFE-686D-402D-A7EF-DC946C7385E2}.Debug|Any CPU.ActiveCfg = Debug|Any CPU
		{9801BFFE-686D-402D-A7EF-DC946C7385E2}.Debug|Any CPU.Build.0 = Debug|Any CPU
		{9801BFFE-686D-402D-A7EF-DC946C7385E2}.Release|Any CPU.ActiveCfg = Release|Any CPU
		{9801BFFE-686D-402D-A7EF-DC946C7385E2}.Release|Any CPU.Build.0 = Release|Any CPU
		{6F355326-3536-4CA4-8D55-2CD3D1D146B1}.Debug|Any CPU.ActiveCfg = Debug|Any CPU
		{6F355326-3536-4CA4-8D55-2CD3D1D146B1}.Debug|Any CPU.Build.0 = Debug|Any CPU
		{6F355326-3536-4CA4-8D55-2CD3D1D146B1}.Release|Any CPU.ActiveCfg = Release|Any CPU
		{6F355326-3536-4CA4-8D55-2CD3D1D146B1}.Release|Any CPU.Build.0 = Release|Any CPU
		{9B24D729-55D1-4EBA-B981-EDA8FE697134}.Debug|Any CPU.ActiveCfg = Debug|Any CPU
		{9B24D729-55D1-4EBA-B981-EDA8FE697134}.Debug|Any CPU.Build.0 = Debug|Any CPU
		{9B24D729-55D1-4EBA-B981-EDA8FE697134}.Release|Any CPU.ActiveCfg = Release|Any CPU
		{9B24D729-55D1-4EBA-B981-EDA8FE697134}.Release|Any CPU.Build.0 = Release|Any CPU
		{903418FA-A7DF-4A85-910D-B3545430AF92}.Debug|Any CPU.ActiveCfg = Debug|Any CPU
		{903418FA-A7DF-4A85-910D-B3545430AF92}.Debug|Any CPU.Build.0 = Debug|Any CPU
		{903418FA-A7DF-4A85-910D-B3545430AF92}.Release|Any CPU.ActiveCfg = Release|Any CPU
		{903418FA-A7DF-4A85-910D-B3545430AF92}.Release|Any CPU.Build.0 = Release|Any CPU
		{3DBE37AB-7623-4F50-A469-DD4C4AF18858}.Debug|Any CPU.ActiveCfg = Debug|Any CPU
		{3DBE37AB-7623-4F50-A469-DD4C4AF18858}.Debug|Any CPU.Build.0 = Debug|Any CPU
		{3DBE37AB-7623-4F50-A469-DD4C4AF18858}.Release|Any CPU.ActiveCfg = Release|Any CPU
		{3DBE37AB-7623-4F50-A469-DD4C4AF18858}.Release|Any CPU.Build.0 = Release|Any CPU
		{EF983785-738F-49CA-8676-343089B9AA37}.Debug|Any CPU.ActiveCfg = Debug|Any CPU
		{EF983785-738F-49CA-8676-343089B9AA37}.Debug|Any CPU.Build.0 = Debug|Any CPU
		{EF983785-738F-49CA-8676-343089B9AA37}.Release|Any CPU.ActiveCfg = Release|Any CPU
		{EF983785-738F-49CA-8676-343089B9AA37}.Release|Any CPU.Build.0 = Release|Any CPU
		{7F3E2DA5-402D-47DF-9C29-EB20DB7833F3}.Debug|Any CPU.ActiveCfg = Debug|Any CPU
		{7F3E2DA5-402D-47DF-9C29-EB20DB7833F3}.Debug|Any CPU.Build.0 = Debug|Any CPU
		{7F3E2DA5-402D-47DF-9C29-EB20DB7833F3}.Release|Any CPU.ActiveCfg = Release|Any CPU
		{7F3E2DA5-402D-47DF-9C29-EB20DB7833F3}.Release|Any CPU.Build.0 = Release|Any CPU
		{E3020EB4-20A2-402F-971D-B15D55EF43C7}.Debug|Any CPU.ActiveCfg = Debug|Any CPU
		{E3020EB4-20A2-402F-971D-B15D55EF43C7}.Debug|Any CPU.Build.0 = Debug|Any CPU
		{E3020EB4-20A2-402F-971D-B15D55EF43C7}.Release|Any CPU.ActiveCfg = Release|Any CPU
		{E3020EB4-20A2-402F-971D-B15D55EF43C7}.Release|Any CPU.Build.0 = Release|Any CPU
	EndGlobalSection
	GlobalSection(SolutionProperties) = preSolution
		HideSolutionNode = FALSE
	EndGlobalSection
	GlobalSection(NestedProjects) = preSolution
		{E5CC0C1E-52A4-41C6-AFF0-E567CBFEB5CC} = {9C1EF8FB-2BED-4019-ACC5-42D37ED72D52}
		{B3EF8C39-800D-42AC-A4AF-8B6C7E30B636} = {E5CC0C1E-52A4-41C6-AFF0-E567CBFEB5CC}
		{F1DE867F-4A14-4D6C-AD67-EC8748BECA03} = {E5CC0C1E-52A4-41C6-AFF0-E567CBFEB5CC}
		{01FF0426-272C-4417-9B05-E61CCBBA8533} = {E5CC0C1E-52A4-41C6-AFF0-E567CBFEB5CC}
		{61FFC658-3978-4F1D-9A5C-AB166CAD17D7} = {9C1EF8FB-2BED-4019-ACC5-42D37ED72D52}
		{3AEBFA8C-8BC2-4E80-B453-B4D8E38E87E4} = {E5CC0C1E-52A4-41C6-AFF0-E567CBFEB5CC}
		{75216159-CE62-4DCE-B21F-0372097D834B} = {E5CC0C1E-52A4-41C6-AFF0-E567CBFEB5CC}
		{3150B633-0084-4740-AD43-6C16D98A171F} = {9C1EF8FB-2BED-4019-ACC5-42D37ED72D52}
		{B454FE27-F348-4C71-AA96-6AF6C0189F46} = {9C1EF8FB-2BED-4019-ACC5-42D37ED72D52}
		{83980245-412C-4C52-BF8F-5A9828EBBDFF} = {B3EF8C39-800D-42AC-A4AF-8B6C7E30B636}
		{7026DEB0-72EC-44F0-8684-2BB840CFB12D} = {01FF0426-272C-4417-9B05-E61CCBBA8533}
		{8C73CEEB-A74C-46FE-A33F-F0B0BA451CE9} = {75216159-CE62-4DCE-B21F-0372097D834B}
		{1EEA3CF4-4278-4E41-9334-AB7ABC1E8EF6} = {3AEBFA8C-8BC2-4E80-B453-B4D8E38E87E4}
		{AA6B6608-A6ED-439D-9070-E091285AB494} = {01FF0426-272C-4417-9B05-E61CCBBA8533}
		{B8AFCE55-CFBC-4063-B42A-B42BC4D0C165} = {01FF0426-272C-4417-9B05-E61CCBBA8533}
		{66B0EF26-0B73-4085-B540-F38F51E2D8EF} = {E5CC0C1E-52A4-41C6-AFF0-E567CBFEB5CC}
		{E7E2A65A-FAD8-4553-96F7-305953287F24} = {66B0EF26-0B73-4085-B540-F38F51E2D8EF}
		{43F1777D-0942-4DFC-B840-6A25C245BCD8} = {66B0EF26-0B73-4085-B540-F38F51E2D8EF}
		{868EC84F-C023-4321-9AE6-E90DA2ACD466} = {3AEBFA8C-8BC2-4E80-B453-B4D8E38E87E4}
		{6F355326-3536-4CA4-8D55-2CD3D1D146B1} = {B454FE27-F348-4C71-AA96-6AF6C0189F46}
		{9B24D729-55D1-4EBA-B981-EDA8FE697134} = {75216159-CE62-4DCE-B21F-0372097D834B}
		{903418FA-A7DF-4A85-910D-B3545430AF92} = {61FFC658-3978-4F1D-9A5C-AB166CAD17D7}
		{545B480C-8229-48F2-B0D2-D64B0CDBB584} = {3150B633-0084-4740-AD43-6C16D98A171F}
		{3DBE37AB-7623-4F50-A469-DD4C4AF18858} = {F1DE867F-4A14-4D6C-AD67-EC8748BECA03}
		{EF983785-738F-49CA-8676-343089B9AA37} = {F1DE867F-4A14-4D6C-AD67-EC8748BECA03}
		{7F3E2DA5-402D-47DF-9C29-EB20DB7833F3} = {B3EF8C39-800D-42AC-A4AF-8B6C7E30B636}
		{E3020EB4-20A2-402F-971D-B15D55EF43C7} = {F1DE867F-4A14-4D6C-AD67-EC8748BECA03}
	EndGlobalSection
	GlobalSection(ExtensibilityGlobals) = postSolution
		SolutionGuid = {CF825CBE-92CA-4FFE-97C1-F51F8B60945A}
	EndGlobalSection
EndGlobal
